
Microsoft Visual Studio Solution File, Format Version 12.00
# Visual Studio Version 17
VisualStudioVersion = 17.5.002.0
MinimumVisualStudioVersion = 10.0.40219.1
Project("{2150E333-8FDC-42A3-9474-1A3956D46DE8}") = "docs", "docs", "{129D37F8-E95C-4532-8955-FA4BB19C85CB}"
EndProject
Project("{2150E333-8FDC-42A3-9474-1A3956D46DE8}") = "relational-databases", "relational-databases", "{8B58ED85-4EB8-4C21-8BC0-1BC9F435F725}"
EndProject
Project("{2150E333-8FDC-42A3-9474-1A3956D46DE8}") = "replication", "replication", "{235B2E77-EBF6-42AB-9293-46D2415BE85E}"
EndProject
Project("{2150E333-8FDC-42A3-9474-1A3956D46DE8}") = "codesnippet", "codesnippet", "{9666E4D4-B4A4-44A4-82CB-AC03F1A9BF28}"
EndProject
Project("{2150E333-8FDC-42A3-9474-1A3956D46DE8}") = "csharp", "csharp", "{5422C8A9-E3D1-4686-9E70-672F4EC0A5BC}"
EndProject
Project("{9A19103F-16F7-4668-BE54-9A1E7A4F7556}") = "rmohowto", "docs\relational-databases\replication\codesnippet\csharp\rmohowto\rmohowto.csproj", "{F67D4EE0-C379-41DF-8294-279E5674404C}"
EndProject
Global
	GlobalSection(SolutionConfigurationPlatforms) = preSolution
		Debug|Any CPU = Debug|Any CPU
		Release|Any CPU = Release|Any CPU
	EndGlobalSection
	GlobalSection(ProjectConfigurationPlatforms) = postSolution
		{F67D4EE0-C379-41DF-8294-279E5674404C}.Debug|Any CPU.ActiveCfg = Debug|Any CPU
		{F67D4EE0-C379-41DF-8294-279E5674404C}.Debug|Any CPU.Build.0 = Debug|Any CPU
		{F67D4EE0-C379-41DF-8294-279E5674404C}.Release|Any CPU.ActiveCfg = Release|Any CPU
		{F67D4EE0-C379-41DF-8294-279E5674404C}.Release|Any CPU.Build.0 = Release|Any CPU
	EndGlobalSection
	GlobalSection(SolutionProperties) = preSolution
		HideSolutionNode = FALSE
	EndGlobalSection
	GlobalSection(NestedProjects) = preSolution
		{8B58ED85-4EB8-4C21-8BC0-1BC9F435F725} = {129D37F8-E95C-4532-8955-FA4BB19C85CB}
		{235B2E77-EBF6-42AB-9293-46D2415BE85E} = {8B58ED85-4EB8-4C21-8BC0-1BC9F435F725}
		{9666E4D4-B4A4-44A4-82CB-AC03F1A9BF28} = {235B2E77-EBF6-42AB-9293-46D2415BE85E}
		{5422C8A9-E3D1-4686-9E70-672F4EC0A5BC} = {9666E4D4-B4A4-44A4-82CB-AC03F1A9BF28}
		{F67D4EE0-C379-41DF-8294-279E5674404C} = {5422C8A9-E3D1-4686-9E70-672F4EC0A5BC}
	EndGlobalSection
	GlobalSection(ExtensibilityGlobals) = postSolution
		SolutionGuid = {4CE896BC-F711-4680-94A3-206269846D72}
	EndGlobalSection
EndGlobal
